
Microsoft Visual Studio Solution File, Format Version 12.00
# Visual Studio Version 16
VisualStudioVersion = 16.0.31313.79
MinimumVisualStudioVersion = 10.0.40219.1
Project("{FAE04EC0-301F-11D3-BF4B-00C04F79EFBC}") = "Consumer", "Consumer\Consumer.csproj", "{2266911D-CEA1-44C3-B514-2F0D0D338FD7}"
EndProject
Global
	GlobalSection(SolutionConfigurationPlatforms) = preSolution
		Debug|Any CPU = Debug|Any CPU
		Release|Any CPU = Release|Any CPU
	EndGlobalSection
	GlobalSection(ProjectConfigurationPlatforms) = postSolution
		{2266911D-CEA1-44C3-B514-2F0D0D338FD7}.Debug|Any CPU.ActiveCfg = Debug|Any CPU
		{2266911D-CEA1-44C3-B514-2F0D0D338FD7}.Debug|Any CPU.Build.0 = Debug|Any CPU
		{2266911D-CEA1-44C3-B514-2F0D0D338FD7}.Release|Any CPU.ActiveCfg = Release|Any CPU
		{2266911D-CEA1-44C3-B514-2F0D0D338FD7}.Release|Any CPU.Build.0 = Release|Any CPU
	EndGlobalSection
	GlobalSection(SolutionProperties) = preSolution
		HideSolutionNode = FALSE
	EndGlobalSection
	GlobalSection(ExtensibilityGlobals) = postSolution
		SolutionGuid = {E22FC214-4B02-4C6E-9975-1AB993972243}
	EndGlobalSection
EndGlobal
